
Microsoft Visual Studio Solution File, Format Version 12.00
# Visual Studio Version 16
VisualStudioVersion = 16.0.30413.136
MinimumVisualStudioVersion = 10.0.40219.1
Project("{FAE04EC0-301F-11D3-BF4B-00C04F79EFBC}") = "MoneyMaker", "MoneyMaker.csproj", "{B3E77061-9008-4F08-B104-A21050C352CC}"
EndProject
Global
	GlobalSection(SolutionConfigurationPlatforms) = preSolution
		Debug|Any CPU = Debug|Any CPU
		Release|Any CPU = Release|Any CPU
	EndGlobalSection
	GlobalSection(ProjectConfigurationPlatforms) = postSolution
		{B3E77061-9008-4F08-B104-A21050C352CC}.Debug|Any CPU.ActiveCfg = Debug|Any CPU
		{B3E77061-9008-4F08-B104-A21050C352CC}.Debug|Any CPU.Build.0 = Debug|Any CPU
		{B3E77061-9008-4F08-B104-A21050C352CC}.Release|Any CPU.ActiveCfg = Release|Any CPU
		{B3E77061-9008-4F08-B104-A21050C352CC}.Release|Any CPU.Build.0 = Release|Any CPU
	EndGlobalSection
	GlobalSection(SolutionProperties) = preSolution
		HideSolutionNode = FALSE
	EndGlobalSection
	GlobalSection(ExtensibilityGlobals) = postSolution
		SolutionGuid = {282A1D2E-CE48-4A31-A25A-A6D4DD3DBD7F}
	EndGlobalSection
EndGlobal
