
Microsoft Visual Studio Solution File, Format Version 12.00
# Visual Studio Version 16
VisualStudioVersion = 16.0.30413.136
MinimumVisualStudioVersion = 10.0.40219.1
Project("{FAE04EC0-301F-11D3-BF4B-00C04F79EFBC}") = "ExquisiteCorpse", "ExquisiteCorpse.csproj", "{DC6768E6-5184-4DEA-AF17-1D75277E53FD}"
EndProject
Global
	GlobalSection(SolutionConfigurationPlatforms) = preSolution
		Debug|Any CPU = Debug|Any CPU
		Release|Any CPU = Release|Any CPU
	EndGlobalSection
	GlobalSection(ProjectConfigurationPlatforms) = postSolution
		{DC6768E6-5184-4DEA-AF17-1D75277E53FD}.Debug|Any CPU.ActiveCfg = Debug|Any CPU
		{DC6768E6-5184-4DEA-AF17-1D75277E53FD}.Debug|Any CPU.Build.0 = Debug|Any CPU
		{DC6768E6-5184-4DEA-AF17-1D75277E53FD}.Release|Any CPU.ActiveCfg = Release|Any CPU
		{DC6768E6-5184-4DEA-AF17-1D75277E53FD}.Release|Any CPU.Build.0 = Release|Any CPU
	EndGlobalSection
	GlobalSection(SolutionProperties) = preSolution
		HideSolutionNode = FALSE
	EndGlobalSection
	GlobalSection(ExtensibilityGlobals) = postSolution
		SolutionGuid = {6F74463A-0152-44C4-9729-4E66AA3C71B0}
	EndGlobalSection
EndGlobal
